// !$*UTF8*$!
{
	archiveVersion = 1;
	classes = {
	};
	objectVersion = 48;
	objects = {

/* Begin PBXBuildFile section */
		84FDAA2B209FF81F00F16A83 /* AppDelegate.swift in Sources */ = {isa = PBXBuildFile; fileRef = 84FDAA2A209FF81F00F16A83 /* AppDelegate.swift */; };
		84FDAA2D209FF81F00F16A83 /* ViewController.swift in Sources */ = {isa = PBXBuildFile; fileRef = 84FDAA2C209FF81F00F16A83 /* ViewController.swift */; };
		84FDAA30209FF81F00F16A83 /* Main.storyboard in Resources */ = {isa = PBXBuildFile; fileRef = 84FDAA2E209FF81F00F16A83 /* Main.storyboard */; };
		84FDAA33209FF81F00F16A83 /* CoreDataSaveString.xcdatamodeld in Sources */ = {isa = PBXBuildFile; fileRef = 84FDAA31209FF81F00F16A83 /* CoreDataSaveString.xcdatamodeld */; };
		84FDAA35209FF81F00F16A83 /* Assets.xcassets in Resources */ = {isa = PBXBuildFile; fileRef = 84FDAA34209FF81F00F16A83 /* Assets.xcassets */; };
		84FDAA38209FF81F00F16A83 /* LaunchScreen.storyboard in Resources */ = {isa = PBXBuildFile; fileRef = 84FDAA36209FF81F00F16A83 /* LaunchScreen.storyboard */; };
/* End PBXBuildFile section */

/* Begin PBXFileReference section */
		84FDAA27209FF81F00F16A83 /* CoreDataSaveString.app */ = {isa = PBXFileReference; explicitFileType = wrapper.application; includeInIndex = 0; path = CoreDataSaveString.app; sourceTree = BUILT_PRODUCTS_DIR; };
		84FDAA2A209FF81F00F16A83 /* AppDelegate.swift */ = {isa = PBXFileReference; lastKnownFileType = sourcecode.swift; path = AppDelegate.swift; sourceTree = "<group>"; };
		84FDAA2C209FF81F00F16A83 /* ViewController.swift */ = {isa = PBXFileReference; lastKnownFileType = sourcecode.swift; path = ViewController.swift; sourceTree = "<group>"; };
		84FDAA2F209FF81F00F16A83 /* Base */ = {isa = PBXFileReference; lastKnownFileType = file.storyboard; name = Base; path = Base.lproj/Main.storyboard; sourceTree = "<group>"; };
		84FDAA32209FF81F00F16A83 /* CoreDataSaveString.xcdatamodel */ = {isa = PBXFileReference; lastKnownFileType = wrapper.xcdatamodel; path = CoreDataSaveString.xcdatamodel; sourceTree = "<group>"; };
		84FDAA34209FF81F00F16A83 /* Assets.xcassets */ = {isa = PBXFileReference; lastKnownFileType = folder.assetcatalog; path = Assets.xcassets; sourceTree = "<group>"; };
		84FDAA37209FF81F00F16A83 /* Base */ = {isa = PBXFileReference; lastKnownFileType = file.storyboard; name = Base; path = Base.lproj/LaunchScreen.storyboard; sourceTree = "<group>"; };
		84FDAA39209FF81F00F16A83 /* Info.plist */ = {isa = PBXFileReference; lastKnownFileType = text.plist.xml; path = Info.plist; sourceTree = "<group>"; };
/* End PBXFileReference section */

/* Begin PBXFrameworksBuildPhase section */
		84FDAA24209FF81F00F16A83 /* Frameworks */ = {
			isa = PBXFrameworksBuildPhase;
			buildActionMask = 2147483647;
			files = (
			);
			runOnlyForDeploymentPostprocessing = 0;
		};
/* End PBXFrameworksBuildPhase section */

/* Begin PBXGroup section */
		84FDAA1E209FF81F00F16A83 = {
			isa = PBXGroup;
			children = (
				84FDAA29209FF81F00F16A83 /* CoreDataSaveString */,
				84FDAA28209FF81F00F16A83 /* Products */,
			);
			sourceTree = "<group>";
		};
		84FDAA28209FF81F00F16A83 /* Products */ = {
			isa = PBXGroup;
			children = (
				84FDAA27209FF81F00F16A83 /* CoreDataSaveString.app */,
			);
			name = Products;
			sourceTree = "<group>";
		};
		84FDAA29209FF81F00F16A83 /* CoreDataSaveString */ = {
			isa = PBXGroup;
			children = (
				84FDAA2A209FF81F00F16A83 /* AppDelegate.swift */,
				84FDAA2C209FF81F00F16A83 /* ViewController.swift */,
				84FDAA2E209FF81F00F16A83 /* Main.storyboard */,
				84FDAA34209FF81F00F16A83 /* Assets.xcassets */,
				84FDAA36209FF81F00F16A83 /* LaunchScreen.storyboard */,
				84FDAA39209FF81F00F16A83 /* Info.plist */,
				84FDAA31209FF81F00F16A83 /* CoreDataSaveString.xcdatamodeld */,
			);
			path = CoreDataSaveString;
			sourceTree = "<group>";
		};
/* End PBXGroup section */

/* Begin PBXNativeTarget section */
		84FDAA26209FF81F00F16A83 /* CoreDataSaveString */ = {
			isa = PBXNativeTarget;
			buildConfigurationList = 84FDAA3C209FF81F00F16A83 /* Build configuration list for PBXNativeTarget "CoreDataSaveString" */;
			buildPhases = (
				84FDAA23209FF81F00F16A83 /* Sources */,
				84FDAA24209FF81F00F16A83 /* Frameworks */,
				84FDAA25209FF81F00F16A83 /* Resources */,
			);
			buildRules = (
			);
			dependencies = (
			);
			name = CoreDataSaveString;
			productName = CoreDataSaveString;
			productReference = 84FDAA27209FF81F00F16A83 /* CoreDataSaveString.app */;
			productType = "com.apple.product-type.application";
		};
/* End PBXNativeTarget section */

/* Begin PBXProject section */
		84FDAA1F209FF81F00F16A83 /* Project object */ = {
			isa = PBXProject;
			attributes = {
				LastSwiftUpdateCheck = 0920;
				LastUpgradeCheck = 0920;
				ORGANIZATIONNAME = "Tran Ngoc Nam";
				TargetAttributes = {
					84FDAA26209FF81F00F16A83 = {
						CreatedOnToolsVersion = 9.2;
						ProvisioningStyle = Automatic;
					};
				};
			};
			buildConfigurationList = 84FDAA22209FF81F00F16A83 /* Build configuration list for PBXProject "CoreDataSaveString" */;
			compatibilityVersion = "Xcode 8.0";
			developmentRegion = en;
			hasScannedForEncodings = 0;
			knownRegions = (
				en,
				Base,
			);
			mainGroup = 84FDAA1E209FF81F00F16A83;
			productRefGroup = 84FDAA28209FF81F00F16A83 /* Products */;
			projectDirPath = "";
			projectRoot = "";
			targets = (
				84FDAA26209FF81F00F16A83 /* CoreDataSaveString */,
			);
		};
/* End PBXProject section */

/* Begin PBXResourcesBuildPhase section */
		84FDAA25209FF81F00F16A83 /* Resources */ = {
			isa = PBXResourcesBuildPhase;
			buildActionMask = 2147483647;
			files = (
				84FDAA38209FF81F00F16A83 /* LaunchScreen.storyboard in Resources */,
				84FDAA35209FF81F00F16A83 /* Assets.xcassets in Resources */,
				84FDAA30209FF81F00F16A83 /* Main.storyboard in Resources */,
			);
			runOnlyForDeploymentPostprocessing = 0;
		};
/* End PBXResourcesBuildPhase section */

/* Begin PBXSourcesBuildPhase section */
		84FDAA23209FF81F00F16A83 /* Sources */ = {
			isa = PBXSourcesBuildPhase;
			buildActionMask = 2147483647;
			files = (
				84FDAA33209FF81F00F16A83 /* CoreDataSaveString.xcdatamodeld in Sources */,
				84FDAA2D209FF81F00F16A83 /* ViewController.swift in Sources */,
				84FDAA2B209FF81F00F16A83 /* AppDelegate.swift in Sources */,
			);
			runOnlyForDeploymentPostprocessing = 0;
		};
/* End PBXSourcesBuildPhase section */

/* Begin PBXVariantGroup section */
		84FDAA2E209FF81F00F16A83 /* Main.storyboard */ = {
			isa = PBXVariantGroup;
			children = (
				84FDAA2F209FF81F00F16A83 /* Base */,
			);
			name = Main.storyboard;
			sourceTree = "<group>";
		};
		84FDAA36209FF81F00F16A83 /* LaunchScreen.storyboard */ = {
			isa = PBXVariantGroup;
			children = (
				84FDAA37209FF81F00F16A83 /* Base */,
			);
			name = LaunchScreen.storyboard;
			sourceTree = "<group>";
		};
/* End PBXVariantGroup section */

/* Begin XCBuildConfiguration section */
		84FDAA3A209FF81F00F16A83 /* Debug */ = {
			isa = XCBuildConfiguration;
			buildSettings = {
				ALWAYS_SEARCH_USER_PATHS = NO;
				CLANG_ANALYZER_NONNULL = YES;
				CLANG_ANALYZER_NUMBER_OBJECT_CONVERSION = YES_AGGRESSIVE;
				CLANG_CXX_LANGUAGE_STANDARD = "gnu++14";
				CLANG_CXX_LIBRARY = "libc++";
				CLANG_ENABLE_MODULES = YES;
				CLANG_ENABLE_OBJC_ARC = YES;
				CLANG_WARN_BLOCK_CAPTURE_AUTORELEASING = YES;
				CLANG_WARN_BOOL_CONVERSION = YES;
				CLANG_WARN_COMMA = YES;
				CLANG_WARN_CONSTANT_CONVERSION = YES;
				CLANG_WARN_DIRECT_OBJC_ISA_USAGE = YES_ERROR;
				CLANG_WARN_DOCUMENTATION_COMMENTS = YES;
				CLANG_WARN_EMPTY_BODY = YES;
				CLANG_WARN_ENUM_CONVERSION = YES;
				CLANG_WARN_INFINITE_RECURSION = YES;
				CLANG_WARN_INT_CONVERSION = YES;
				CLANG_WARN_NON_LITERAL_NULL_CONVERSION = YES;
				CLANG_WARN_OBJC_LITERAL_CONVERSION = YES;
				CLANG_WARN_OBJC_ROOT_CLASS = YES_ERROR;
				CLANG_WARN_RANGE_LOOP_ANALYSIS = YES;
				CLANG_WARN_STRICT_PROTOTYPES = YES;
				CLANG_WARN_SUSPICIOUS_MOVE = YES;
				CLANG_WARN_UNGUARDED_AVAILABILITY = YES_AGGRESSIVE;
				CLANG_WARN_UNREACHABLE_CODE = YES;
				CLANG_WARN__DUPLICATE_METHOD_MATCH = YES;
				CODE_SIGN_IDENTITY = "iPhone Developer";
				COPY_PHASE_STRIP = NO;
				DEBUG_INFORMATION_FORMAT = dwarf;
				ENABLE_STRICT_OBJC_MSGSEND = YES;
				ENABLE_TESTABILITY = YES;
				GCC_C_LANGUAGE_STANDARD = gnu11;
				GCC_DYNAMIC_NO_PIC = NO;
				GCC_NO_COMMON_BLOCKS = YES;
				GCC_OPTIMIZATION_LEVEL = 0;
				GCC_PREPROCESSOR_DEFINITIONS = (
					"DEBUG=1",
					"$(inherited)",
				);
				GCC_WARN_64_TO_32_BIT_CONVERSION = YES;
				GCC_WARN_ABOUT_RETURN_TYPE = YES_ERROR;
				GCC_WARN_UNDECLARED_SELECTOR = YES;
				GCC_WARN_UNINITIALIZED_AUTOS = YES_AGGRESSIVE;
				GCC_WARN_UNUSED_FUNCTION = YES;
				GCC_WARN_UNUSED_VARIABLE = YES;
				IPHONEOS_DEPLOYMENT_TARGET = 11.2;
				MTL_ENABLE_DEBUG_INFO = YES;
				ONLY_ACTIVE_ARCH = YES;
				SDKROOT = iphoneos;
				SWIFT_ACTIVE_COMPILATION_CONDITIONS = DEBUG;
				SWIFT_OPTIMIZATION_LEVEL = "-Onone";
			};
			name = Debug;
		};
		84FDAA3B209FF81F00F16A83 /* Release */ = {
			isa = XCBuildConfiguration;
			buildSettings = {
				ALWAYS_SEARCH_USER_PATHS = NO;
				CLANG_ANALYZER_NONNULL = YES;
				CLANG_ANALYZER_NUMBER_OBJECT_CONVERSION = YES_AGGRESSIVE;
				CLANG_CXX_LANGUAGE_STANDARD = "gnu++14";
				CLANG_CXX_LIBRARY = "libc++";
				CLANG_ENABLE_MODULES = YES;
				CLANG_ENABLE_OBJC_ARC = YES;
				CLANG_WARN_BLOCK_CAPTURE_AUTORELEASING = YES;
				CLANG_WARN_BOOL_CONVERSION = YES;
				CLANG_WARN_COMMA = YES;
				CLANG_WARN_CONSTANT_CONVERSION = YES;
				CLANG_WARN_DIRECT_OBJC_ISA_USAGE = YES_ERROR;
				CLANG_WARN_DOCUMENTATION_COMMENTS = YES;
				CLANG_WARN_EMPTY_BODY = YES;
				CLANG_WARN_ENUM_CONVERSION = YES;
				CLANG_WARN_INFINITE_RECURSION = YES;
				CLANG_WARN_INT_CONVERSION = YES;
				CLANG_WARN_NON_LITERAL_NULL_CONVERSION = YES;
				CLANG_WARN_OBJC_LITERAL_CONVERSION = YES;
				CLANG_WARN_OBJC_ROOT_CLASS = YES_ERROR;
				CLANG_WARN_RANGE_LOOP_ANALYSIS = YES;
				CLANG_WARN_STRICT_PROTOTYPES = YES;
				CLANG_WARN_SUSPICIOUS_MOVE = YES;
				CLANG_WARN_UNGUARDED_AVAILABILITY = YES_AGGRESSIVE;
				CLANG_WARN_UNREACHABLE_CODE = YES;
				CLANG_WARN__DUPLICATE_METHOD_MATCH = YES;
				CODE_SIGN_IDENTITY = "iPhone Developer";
				COPY_PHASE_STRIP = NO;
				DEBUG_INFORMATION_FORMAT = "dwarf-with-dsym";
				ENABLE_NS_ASSERTIONS = NO;
				ENABLE_STRICT_OBJC_MSGSEND = YES;
				GCC_C_LANGUAGE_STANDARD = gnu11;
				GCC_NO_COMMON_BLOCKS = YES;
				GCC_WARN_64_TO_32_BIT_CONVERSION = YES;
				GCC_WARN_ABOUT_RETURN_TYPE = YES_ERROR;
				GCC_WARN_UNDECLARED_SELECTOR = YES;
				GCC_WARN_UNINITIALIZED_AUTOS = YES_AGGRESSIVE;
				GCC_WARN_UNUSED_FUNCTION = YES;
				GCC_WARN_UNUSED_VARIABLE = YES;
				IPHONEOS_DEPLOYMENT_TARGET = 11.2;
				MTL_ENABLE_DEBUG_INFO = NO;
				SDKROOT = iphoneos;
				SWIFT_OPTIMIZATION_LEVEL = "-Owholemodule";
				VALIDATE_PRODUCT = YES;
			};
			name = Release;
		};
		84FDAA3D209FF81F00F16A83 /* Debug */ = {
			isa = XCBuildConfiguration;
			buildSettings = {
				ASSETCATALOG_COMPILER_APPICON_NAME = AppIcon;
				CODE_SIGN_STYLE = Automatic;
				INFOPLIST_FILE = CoreDataSaveString/Info.plist;
				LD_RUNPATH_SEARCH_PATHS = "$(inherited) @executable_path/Frameworks";
				PRODUCT_BUNDLE_IDENTIFIER = com.example.CoreDataSaveString;
				PRODUCT_NAME = "$(TARGET_NAME)";
				SWIFT_VERSION = 4.0;
				TARGETED_DEVICE_FAMILY = "1,2";
			};
			name = Debug;
		};
		84FDAA3E209FF81F00F16A83 /* Release */ = {
			isa = XCBuildConfiguration;
			buildSettings = {
				ASSETCATALOG_COMPILER_APPICON_NAME = AppIcon;
				CODE_SIGN_STYLE = Automatic;
				INFOPLIST_FILE = CoreDataSaveString/Info.plist;
				LD_RUNPATH_SEARCH_PATHS = "$(inherited) @executable_path/Frameworks";
				PRODUCT_BUNDLE_IDENTIFIER = com.example.CoreDataSaveString;
				PRODUCT_NAME = "$(TARGET_NAME)";
				SWIFT_VERSION = 4.0;
				TARGETED_DEVICE_FAMILY = "1,2";
			};
			name = Release;
		};
/* End XCBuildConfiguration section */

/* Begin XCConfigurationList section */
		84FDAA22209FF81F00F16A83 /* Build configuration list for PBXProject "CoreDataSaveString" */ = {
			isa = XCConfigurationList;
			buildConfigurations = (
				84FDAA3A209FF81F00F16A83 /* Debug */,
				84FDAA3B209FF81F00F16A83 /* Release */,
			);
			defaultConfigurationIsVisible = 0;
			defaultConfigurationName = Release;
		};
		84FDAA3C209FF81F00F16A83 /* Build configuration list for PBXNativeTarget "CoreDataSaveString" */ = {
			isa = XCConfigurationList;
			buildConfigurations = (
				84FDAA3D209FF81F00F16A83 /* Debug */,
				84FDAA3E209FF81F00F16A83 /* Release */,
			);
			defaultConfigurationIsVisible = 0;
			defaultConfigurationName = Release;
		};
/* End XCConfigurationList section */

/* Begin XCVersionGroup section */
		84FDAA31209FF81F00F16A83 /* CoreDataSaveString.xcdatamodeld */ = {
			isa = XCVersionGroup;
			children = (
				84FDAA32209FF81F00F16A83 /* CoreDataSaveString.xcdatamodel */,
			);
			currentVersion = 84FDAA32209FF81F00F16A83 /* CoreDataSaveString.xcdatamodel */;
			path = CoreDataSaveString.xcdatamodeld;
			sourceTree = "<group>";
			versionGroupType = wrapper.xcdatamodel;
		};
/* End XCVersionGroup section */
	};
	rootObject = 84FDAA1F209FF81F00F16A83 /* Project object */;
}
